{
  "nodes": {
    "devenv": {
      "locked": {
        "dir": "src/modules",
        "lastModified": 1782492839,
        "narHash": "sha256-j9wrcB4al5QhMelEghJ0Qs+RQPT+wyCcI4070NEgPLQ=",
        "owner": "cachix",
        "repo": "devenv",
        "rev": "3d39d0817d62069f7b18821c34a617b5141cb278",
        "type": "github"
      },
      "original": {
        "dir": "src/modules",
        "owner": "cachix",
        "repo": "devenv",
        "type": "github"
      }
    },
    "nixpkgs": {
      "inputs": {
        "nixpkgs-src": "nixpkgs-src"
      },
      "locked": {
        "lastModified": 1776097194,
        "narHash": "sha256-XD4DsgNcfXC5nlCxlAcCP5hSjTYlgLXEIoTj7fKkQg4=",
        "owner": "cachix",
        "repo": "devenv-nixpkgs",
        "rev": "6e8a07b02f6f8557ffab71274feac9827bcc2532",
        "type": "github"
      },
      "original": {
        "owner": "cachix",
        "ref": "rolling",
        "repo": "devenv-nixpkgs",
        "type": "github"
      }
    },
    "nixpkgs-src": {
      "flake": false,
      "locked": {
        "lastModified": 1775888245,
        "narHash": "sha256-nwASzrRDD1JBEu/o8ekKYEXm/oJW6EMCzCRdrwcLe90=",
        "owner": "NixOS",
        "repo": "nixpkgs",
        "rev": "13043924aaa7375ce482ebe2494338e058282925",
        "type": "github"
      },
      "original": {
        "owner": "NixOS",
        "ref": "nixpkgs-unstable",
        "repo": "nixpkgs",
        "type": "github"
      }
    },
    "nixpkgs-stable": {
      "locked": {
        "lastModified": 1782745641,
        "narHash": "sha256-d1Uqn692SLRy743Gy1UTopaBBCAsgNbL9lmb03BxMTw=",
        "owner": "nixos",
        "repo": "nixpkgs",
        "rev": "8cb14136bb517eba32a565a682861eef55c45a06",
        "type": "github"
      },
      "original": {
        "owner": "nixos",
        "ref": "release-26.05",
        "repo": "nixpkgs",
        "type": "github"
      }
    },
    "root": {
      "inputs": {
        "devenv": "devenv",
        "nixpkgs": "nixpkgs",
        "nixpkgs-stable": "nixpkgs-stable"
      }
    }
  },
  "root": "root",
  "version": 7
}